// !$*UTF8*$!
{
	archiveVersion = 1;
	classes = {
	};
	objectVersion = 46;
	objects = {

/* Begin PBXBuildFile section */
		812AE11C1CAF90D100EF3D8B /* main.m in Sources */ = {isa = PBXBuildFile; fileRef = 812AE11B1CAF90D100EF3D8B /* main.m */; };
		812AE11F1CAF90D100EF3D8B /* AppDelegate.m in Sources */ = {isa = PBXBuildFile; fileRef = 812AE11E1CAF90D100EF3D8B /* AppDelegate.m */; };
		812AE1221CAF90D100EF3D8B /* ViewController.m in Sources */ = {isa = PBXBuildFile; fileRef = 812AE1211CAF90D100EF3D8B /* ViewController.m */; };
		812AE1251CAF90D100EF3D8B /* Main.storyboard in Resources */ = {isa = PBXBuildFile; fileRef = 812AE1231CAF90D100EF3D8B /* Main.storyboard */; };
		812AE1271CAF90D100EF3D8B /* Assets.xcassets in Resources */ = {isa = PBXBuildFile; fileRef = 812AE1261CAF90D100EF3D8B /* Assets.xcassets */; };
		812AE12A1CAF90D100EF3D8B /* LaunchScreen.storyboard in Resources */ = {isa = PBXBuildFile; fileRef = 812AE1281CAF90D100EF3D8B /* LaunchScreen.storyboard */; };
		812AE1351CAF90D100EF3D8B /* projctTestTests.m in Sources */ = {isa = PBXBuildFile; fileRef = 812AE1341CAF90D100EF3D8B /* projctTestTests.m */; };
		812AE1401CAF90D100EF3D8B /* projctTestUITests.m in Sources */ = {isa = PBXBuildFile; fileRef = 812AE13F1CAF90D100EF3D8B /* projctTestUITests.m */; };
		812AE1501CAF95C800EF3D8B /* customTableViewCell.m in Sources */ = {isa = PBXBuildFile; fileRef = 812AE14F1CAF95C800EF3D8B /* customTableViewCell.m */; };
		812AE1531CAF970900EF3D8B /* customSectionTableViewCell.m in Sources */ = {isa = PBXBuildFile; fileRef = 812AE1521CAF970900EF3D8B /* customSectionTableViewCell.m */; };
		812AE1581CAFA24A00EF3D8B /* customCollectionViewCell.m in Sources */ = {isa = PBXBuildFile; fileRef = 812AE1571CAFA24A00EF3D8B /* customCollectionViewCell.m */; };
/* End PBXBuildFile section */

/* Begin PBXContainerItemProxy section */
		812AE1311CAF90D100EF3D8B /* PBXContainerItemProxy */ = {
			isa = PBXContainerItemProxy;
			containerPortal = 812AE10F1CAF90D100EF3D8B /* Project object */;
			proxyType = 1;
			remoteGlobalIDString = 812AE1161CAF90D100EF3D8B;
			remoteInfo = projctTest;
		};
		812AE13C1CAF90D100EF3D8B /* PBXContainerItemProxy */ = {
			isa = PBXContainerItemProxy;
			containerPortal = 812AE10F1CAF90D100EF3D8B /* Project object */;
			proxyType = 1;
			remoteGlobalIDString = 812AE1161CAF90D100EF3D8B;
			remoteInfo = projctTest;
		};
/* End PBXContainerItemProxy section */

/* Begin PBXFileReference section */
		812AE1171CAF90D100EF3D8B /* projctTest.app */ = {isa = PBXFileReference; explicitFileType = wrapper.application; includeInIndex = 0; path = projctTest.app; sourceTree = BUILT_PRODUCTS_DIR; };
		812AE11B1CAF90D100EF3D8B /* main.m */ = {isa = PBXFileReference; lastKnownFileType = sourcecode.c.objc; path = main.m; sourceTree = "<group>"; };
		812AE11D1CAF90D100EF3D8B /* AppDelegate.h */ = {isa = PBXFileReference; lastKnownFileType = sourcecode.c.h; path = AppDelegate.h; sourceTree = "<group>"; };
		812AE11E1CAF90D100EF3D8B /* AppDelegate.m */ = {isa = PBXFileReference; lastKnownFileType = sourcecode.c.objc; path = AppDelegate.m; sourceTree = "<group>"; };
		812AE1201CAF90D100EF3D8B /* ViewController.h */ = {isa = PBXFileReference; lastKnownFileType = sourcecode.c.h; path = ViewController.h; sourceTree = "<group>"; };
		812AE1211CAF90D100EF3D8B /* ViewController.m */ = {isa = PBXFileReference; lastKnownFileType = sourcecode.c.objc; path = ViewController.m; sourceTree = "<group>"; };
		812AE1241CAF90D100EF3D8B /* Base */ = {isa = PBXFileReference; lastKnownFileType = file.storyboard; name = Base; path = Base.lproj/Main.storyboard; sourceTree = "<group>"; };
		812AE1261CAF90D100EF3D8B /* Assets.xcassets */ = {isa = PBXFileReference; lastKnownFileType = folder.assetcatalog; path = Assets.xcassets; sourceTree = "<group>"; };
		812AE1291CAF90D100EF3D8B /* Base */ = {isa = PBXFileReference; lastKnownFileType = file.storyboard; name = Base; path = Base.lproj/LaunchScreen.storyboard; sourceTree = "<group>"; };
		812AE12B1CAF90D100EF3D8B /* Info.plist */ = {isa = PBXFileReference; lastKnownFileType = text.plist.xml; path = Info.plist; sourceTree = "<group>"; };
		812AE1301CAF90D100EF3D8B /* projctTestTests.xctest */ = {isa = PBXFileReference; explicitFileType = wrapper.cfbundle; includeInIndex = 0; path = projctTestTests.xctest; sourceTree = BUILT_PRODUCTS_DIR; };
		812AE1341CAF90D100EF3D8B /* projctTestTests.m */ = {isa = PBXFileReference; lastKnownFileType = sourcecode.c.objc; path = projctTestTests.m; sourceTree = "<group>"; };
		812AE1361CAF90D100EF3D8B /* Info.plist */ = {isa = PBXFileReference; lastKnownFileType = text.plist.xml; path = Info.plist; sourceTree = "<group>"; };
		812AE13B1CAF90D100EF3D8B /* projctTestUITests.xctest */ = {isa = PBXFileReference; explicitFileType = wrapper.cfbundle; includeInIndex = 0; path = projctTestUITests.xctest; sourceTree = BUILT_PRODUCTS_DIR; };
		812AE13F1CAF90D100EF3D8B /* projctTestUITests.m */ = {isa = PBXFileReference; lastKnownFileType = sourcecode.c.objc; path = projctTestUITests.m; sourceTree = "<group>"; };
		812AE1411CAF90D100EF3D8B /* Info.plist */ = {isa = PBXFileReference; lastKnownFileType = text.plist.xml; path = Info.plist; sourceTree = "<group>"; };
		812AE14E1CAF95C800EF3D8B /* customTableViewCell.h */ = {isa = PBXFileReference; fileEncoding = 4; lastKnownFileType = sourcecode.c.h; path = customTableViewCell.h; sourceTree = "<group>"; };
		812AE14F1CAF95C800EF3D8B /* customTableViewCell.m */ = {isa = PBXFileReference; fileEncoding = 4; lastKnownFileType = sourcecode.c.objc; path = customTableViewCell.m; sourceTree = "<group>"; };
		812AE1511CAF970900EF3D8B /* customSectionTableViewCell.h */ = {isa = PBXFileReference; fileEncoding = 4; lastKnownFileType = sourcecode.c.h; path = customSectionTableViewCell.h; sourceTree = "<group>"; };
		812AE1521CAF970900EF3D8B /* customSectionTableViewCell.m */ = {isa = PBXFileReference; fileEncoding = 4; lastKnownFileType = sourcecode.c.objc; path = customSectionTableViewCell.m; sourceTree = "<group>"; };
		812AE1561CAFA24A00EF3D8B /* customCollectionViewCell.h */ = {isa = PBXFileReference; fileEncoding = 4; lastKnownFileType = sourcecode.c.h; path = customCollectionViewCell.h; sourceTree = "<group>"; };
		812AE1571CAFA24A00EF3D8B /* customCollectionViewCell.m */ = {isa = PBXFileReference; fileEncoding = 4; lastKnownFileType = sourcecode.c.objc; path = customCollectionViewCell.m; sourceTree = "<group>"; };
/* End PBXFileReference section */

/* Begin PBXFrameworksBuildPhase section */
		812AE1141CAF90D100EF3D8B /* Frameworks */ = {
			isa = PBXFrameworksBuildPhase;
			buildActionMask = 2147483647;
			files = (
			);
			runOnlyForDeploymentPostprocessing = 0;
		};
		812AE12D1CAF90D100EF3D8B /* Frameworks */ = {
			isa = PBXFrameworksBuildPhase;
			buildActionMask = 2147483647;
			files = (
			);
			runOnlyForDeploymentPostprocessing = 0;
		};
		812AE1381CAF90D100EF3D8B /* Frameworks */ = {
			isa = PBXFrameworksBuildPhase;
			buildActionMask = 2147483647;
			files = (
			);
			runOnlyForDeploymentPostprocessing = 0;
		};
/* End PBXFrameworksBuildPhase section */

/* Begin PBXGroup section */
		812AE10E1CAF90D100EF3D8B = {
			isa = PBXGroup;
			children = (
				812AE1191CAF90D100EF3D8B /* projctTest */,
				812AE1331CAF90D100EF3D8B /* projctTestTests */,
				812AE13E1CAF90D100EF3D8B /* projctTestUITests */,
				812AE1181CAF90D100EF3D8B /* Products */,
			);
			sourceTree = "<group>";
		};
		812AE1181CAF90D100EF3D8B /* Products */ = {
			isa = PBXGroup;
			children = (
				812AE1171CAF90D100EF3D8B /* projctTest.app */,
				812AE1301CAF90D100EF3D8B /* projctTestTests.xctest */,
				812AE13B1CAF90D100EF3D8B /* projctTestUITests.xctest */,
			);
			name = Products;
			sourceTree = "<group>";
		};
		812AE1191CAF90D100EF3D8B /* projctTest */ = {
			isa = PBXGroup;
			children = (
				812AE1551CAFA22D00EF3D8B /* customCollectionViewCell */,
				812AE14D1CAF959D00EF3D8B /* customTableCell */,
				812AE11D1CAF90D100EF3D8B /* AppDelegate.h */,
				812AE11E1CAF90D100EF3D8B /* AppDelegate.m */,
				812AE1201CAF90D100EF3D8B /* ViewController.h */,
				812AE1211CAF90D100EF3D8B /* ViewController.m */,
				812AE1231CAF90D100EF3D8B /* Main.storyboard */,
				812AE1261CAF90D100EF3D8B /* Assets.xcassets */,
				812AE1281CAF90D100EF3D8B /* LaunchScreen.storyboard */,
				812AE12B1CAF90D100EF3D8B /* Info.plist */,
				812AE11A1CAF90D100EF3D8B /* Supporting Files */,
			);
			path = projctTest;
			sourceTree = "<group>";
		};
		812AE11A1CAF90D100EF3D8B /* Supporting Files */ = {
			isa = PBXGroup;
			children = (
				812AE11B1CAF90D100EF3D8B /* main.m */,
			);
			name = "Supporting Files";
			sourceTree = "<group>";
		};
		812AE1331CAF90D100EF3D8B /* projctTestTests */ = {
			isa = PBXGroup;
			children = (
				812AE1341CAF90D100EF3D8B /* projctTestTests.m */,
				812AE1361CAF90D100EF3D8B /* Info.plist */,
			);
			path = projctTestTests;
			sourceTree = "<group>";
		};
		812AE13E1CAF90D100EF3D8B /* projctTestUITests */ = {
			isa = PBXGroup;
			children = (
				812AE13F1CAF90D100EF3D8B /* projctTestUITests.m */,
				812AE1411CAF90D100EF3D8B /* Info.plist */,
			);
			path = projctTestUITests;
			sourceTree = "<group>";
		};
		812AE14D1CAF959D00EF3D8B /* customTableCell */ = {
			isa = PBXGroup;
			children = (
				812AE14E1CAF95C800EF3D8B /* customTableViewCell.h */,
				812AE14F1CAF95C800EF3D8B /* customTableViewCell.m */,
				812AE1511CAF970900EF3D8B /* customSectionTableViewCell.h */,
				812AE1521CAF970900EF3D8B /* customSectionTableViewCell.m */,
			);
			name = customTableCell;
			sourceTree = "<group>";
		};
		812AE1551CAFA22D00EF3D8B /* customCollectionViewCell */ = {
			isa = PBXGroup;
			children = (
				812AE1561CAFA24A00EF3D8B /* customCollectionViewCell.h */,
				812AE1571CAFA24A00EF3D8B /* customCollectionViewCell.m */,
			);
			name = customCollectionViewCell;
			sourceTree = "<group>";
		};
/* End PBXGroup section */

/* Begin PBXNativeTarget section */
		812AE1161CAF90D100EF3D8B /* projctTest */ = {
			isa = PBXNativeTarget;
			buildConfigurationList = 812AE1441CAF90D100EF3D8B /* Build configuration list for PBXNativeTarget "projctTest" */;
			buildPhases = (
				812AE1131CAF90D100EF3D8B /* Sources */,
				812AE1141CAF90D100EF3D8B /* Frameworks */,
				812AE1151CAF90D100EF3D8B /* Resources */,
			);
			buildRules = (
			);
			dependencies = (
			);
			name = projctTest;
			productName = projctTest;
			productReference = 812AE1171CAF90D100EF3D8B /* projctTest.app */;
			productType = "com.apple.product-type.application";
		};
		812AE12F1CAF90D100EF3D8B /* projctTestTests */ = {
			isa = PBXNativeTarget;
			buildConfigurationList = 812AE1471CAF90D100EF3D8B /* Build configuration list for PBXNativeTarget "projctTestTests" */;
			buildPhases = (
				812AE12C1CAF90D100EF3D8B /* Sources */,
				812AE12D1CAF90D100EF3D8B /* Frameworks */,
				812AE12E1CAF90D100EF3D8B /* Resources */,
			);
			buildRules = (
			);
			dependencies = (
				812AE1321CAF90D100EF3D8B /* PBXTargetDependency */,
			);
			name = projctTestTests;
			productName = projctTestTests;
			productReference = 812AE1301CAF90D100EF3D8B /* projctTestTests.xctest */;
			productType = "com.apple.product-type.bundle.unit-test";
		};
		812AE13A1CAF90D100EF3D8B /* projctTestUITests */ = {
			isa = PBXNativeTarget;
			buildConfigurationList = 812AE14A1CAF90D100EF3D8B /* Build configuration list for PBXNativeTarget "projctTestUITests" */;
			buildPhases = (
				812AE1371CAF90D100EF3D8B /* Sources */,
				812AE1381CAF90D100EF3D8B /* Frameworks */,
				812AE1391CAF90D100EF3D8B /* Resources */,
			);
			buildRules = (
			);
			dependencies = (
				812AE13D1CAF90D100EF3D8B /* PBXTargetDependency */,
			);
			name = projctTestUITests;
			productName = projctTestUITests;
			productReference = 812AE13B1CAF90D100EF3D8B /* projctTestUITests.xctest */;
			productType = "com.apple.product-type.bundle.ui-testing";
		};
/* End PBXNativeTarget section */

/* Begin PBXProject section */
		812AE10F1CAF90D100EF3D8B /* Project object */ = {
			isa = PBXProject;
			attributes = {
				LastUpgradeCheck = 0720;
				ORGANIZATIONNAME = "iOS Developer";
				TargetAttributes = {
					812AE1161CAF90D100EF3D8B = {
						CreatedOnToolsVersion = 7.2;
					};
					812AE12F1CAF90D100EF3D8B = {
						CreatedOnToolsVersion = 7.2;
						TestTargetID = 812AE1161CAF90D100EF3D8B;
					};
					812AE13A1CAF90D100EF3D8B = {
						CreatedOnToolsVersion = 7.2;
						TestTargetID = 812AE1161CAF90D100EF3D8B;
					};
				};
			};
			buildConfigurationList = 812AE1121CAF90D100EF3D8B /* Build configuration list for PBXProject "projctTest" */;
			compatibilityVersion = "Xcode 3.2";
			developmentRegion = English;
			hasScannedForEncodings = 0;
			knownRegions = (
				en,
				Base,
			);
			mainGroup = 812AE10E1CAF90D100EF3D8B;
			productRefGroup = 812AE1181CAF90D100EF3D8B /* Products */;
			projectDirPath = "";
			projectRoot = "";
			targets = (
				812AE1161CAF90D100EF3D8B /* projctTest */,
				812AE12F1CAF90D100EF3D8B /* projctTestTests */,
				812AE13A1CAF90D100EF3D8B /* projctTestUITests */,
			);
		};
/* End PBXProject section */

/* Begin PBXResourcesBuildPhase section */
		812AE1151CAF90D100EF3D8B /* Resources */ = {
			isa = PBXResourcesBuildPhase;
			buildActionMask = 2147483647;
			files = (
				812AE12A1CAF90D100EF3D8B /* LaunchScreen.storyboard in Resources */,
				812AE1271CAF90D100EF3D8B /* Assets.xcassets in Resources */,
				812AE1251CAF90D100EF3D8B /* Main.storyboard in Resources */,
			);
			runOnlyForDeploymentPostprocessing = 0;
		};
		812AE12E1CAF90D100EF3D8B /* Resources */ = {
			isa = PBXResourcesBuildPhase;
			buildActionMask = 2147483647;
			files = (
			);
			runOnlyForDeploymentPostprocessing = 0;
		};
		812AE1391CAF90D100EF3D8B /* Resources */ = {
			isa = PBXResourcesBuildPhase;
			buildActionMask = 2147483647;
			files = (
			);
			runOnlyForDeploymentPostprocessing = 0;
		};
/* End PBXResourcesBuildPhase section */

/* Begin PBXSourcesBuildPhase section */
		812AE1131CAF90D100EF3D8B /* Sources */ = {
			isa = PBXSourcesBuildPhase;
			buildActionMask = 2147483647;
			files = (
				812AE1221CAF90D100EF3D8B /* ViewController.m in Sources */,
				812AE11F1CAF90D100EF3D8B /* AppDelegate.m in Sources */,
				812AE1531CAF970900EF3D8B /* customSectionTableViewCell.m in Sources */,
				812AE1501CAF95C800EF3D8B /* customTableViewCell.m in Sources */,
				812AE11C1CAF90D100EF3D8B /* main.m in Sources */,
				812AE1581CAFA24A00EF3D8B /* customCollectionViewCell.m in Sources */,
			);
			runOnlyForDeploymentPostprocessing = 0;
		};
		812AE12C1CAF90D100EF3D8B /* Sources */ = {
			isa = PBXSourcesBuildPhase;
			buildActionMask = 2147483647;
			files = (
				812AE1351CAF90D100EF3D8B /* projctTestTests.m in Sources */,
			);
			runOnlyForDeploymentPostprocessing = 0;
		};
		812AE1371CAF90D100EF3D8B /* Sources */ = {
			isa = PBXSourcesBuildPhase;
			buildActionMask = 2147483647;
			files = (
				812AE1401CAF90D100EF3D8B /* projctTestUITests.m in Sources */,
			);
			runOnlyForDeploymentPostprocessing = 0;
		};
/* End PBXSourcesBuildPhase section */

/* Begin PBXTargetDependency section */
		812AE1321CAF90D100EF3D8B /* PBXTargetDependency */ = {
			isa = PBXTargetDependency;
			target = 812AE1161CAF90D100EF3D8B /* projctTest */;
			targetProxy = 812AE1311CAF90D100EF3D8B /* PBXContainerItemProxy */;
		};
		812AE13D1CAF90D100EF3D8B /* PBXTargetDependency */ = {
			isa = PBXTargetDependency;
			target = 812AE1161CAF90D100EF3D8B /* projctTest */;
			targetProxy = 812AE13C1CAF90D100EF3D8B /* PBXContainerItemProxy */;
		};
/* End PBXTargetDependency section */

/* Begin PBXVariantGroup section */
		812AE1231CAF90D100EF3D8B /* Main.storyboard */ = {
			isa = PBXVariantGroup;
			children = (
				812AE1241CAF90D100EF3D8B /* Base */,
			);
			name = Main.storyboard;
			sourceTree = "<group>";
		};
		812AE1281CAF90D100EF3D8B /* LaunchScreen.storyboard */ = {
			isa = PBXVariantGroup;
			children = (
				812AE1291CAF90D100EF3D8B /* Base */,
			);
			name = LaunchScreen.storyboard;
			sourceTree = "<group>";
		};
/* End PBXVariantGroup section */

/* Begin XCBuildConfiguration section */
		812AE1421CAF90D100EF3D8B /* Debug */ = {
			isa = XCBuildConfiguration;
			buildSettings = {
				ALWAYS_SEARCH_USER_PATHS = NO;
				CLANG_CXX_LANGUAGE_STANDARD = "gnu++0x";
				CLANG_CXX_LIBRARY = "libc++";
				CLANG_ENABLE_MODULES = YES;
				CLANG_ENABLE_OBJC_ARC = YES;
				CLANG_WARN_BOOL_CONVERSION = YES;
				CLANG_WARN_CONSTANT_CONVERSION = YES;
				CLANG_WARN_DIRECT_OBJC_ISA_USAGE = YES_ERROR;
				CLANG_WARN_EMPTY_BODY = YES;
				CLANG_WARN_ENUM_CONVERSION = YES;
				CLANG_WARN_INT_CONVERSION = YES;
				CLANG_WARN_OBJC_ROOT_CLASS = YES_ERROR;
				CLANG_WARN_UNREACHABLE_CODE = YES;
				CLANG_WARN__DUPLICATE_METHOD_MATCH = YES;
				"CODE_SIGN_IDENTITY[sdk=iphoneos*]" = "iPhone Developer";
				COPY_PHASE_STRIP = NO;
				DEBUG_INFORMATION_FORMAT = dwarf;
				ENABLE_STRICT_OBJC_MSGSEND = YES;
				ENABLE_TESTABILITY = YES;
				GCC_C_LANGUAGE_STANDARD = gnu99;
				GCC_DYNAMIC_NO_PIC = NO;
				GCC_NO_COMMON_BLOCKS = YES;
				GCC_OPTIMIZATION_LEVEL = 0;
				GCC_PREPROCESSOR_DEFINITIONS = (
					"DEBUG=1",
					"$(inherited)",
				);
				GCC_WARN_64_TO_32_BIT_CONVERSION = YES;
				GCC_WARN_ABOUT_RETURN_TYPE = YES_ERROR;
				GCC_WARN_UNDECLARED_SELECTOR = YES;
				GCC_WARN_UNINITIALIZED_AUTOS = YES_AGGRESSIVE;
				GCC_WARN_UNUSED_FUNCTION = YES;
				GCC_WARN_UNUSED_VARIABLE = YES;
				IPHONEOS_DEPLOYMENT_TARGET = 9.2;
				MTL_ENABLE_DEBUG_INFO = YES;
				ONLY_ACTIVE_ARCH = YES;
				SDKROOT = iphoneos;
				TARGETED_DEVICE_FAMILY = "1,2";
			};
			name = Debug;
		};
		812AE1431CAF90D100EF3D8B /* Release */ = {
			isa = XCBuildConfiguration;
			buildSettings = {
				ALWAYS_SEARCH_USER_PATHS = NO;
				CLANG_CXX_LANGUAGE_STANDARD = "gnu++0x";
				CLANG_CXX_LIBRARY = "libc++";
				CLANG_ENABLE_MODULES = YES;
				CLANG_ENABLE_OBJC_ARC = YES;
				CLANG_WARN_BOOL_CONVERSION = YES;
				CLANG_WARN_CONSTANT_CONVERSION = YES;
				CLANG_WARN_DIRECT_OBJC_ISA_USAGE = YES_ERROR;
				CLANG_WARN_EMPTY_BODY = YES;
				CLANG_WARN_ENUM_CONVERSION = YES;
				CLANG_WARN_INT_CONVERSION = YES;
				CLANG_WARN_OBJC_ROOT_CLASS = YES_ERROR;
				CLANG_WARN_UNREACHABLE_CODE = YES;
				CLANG_WARN__DUPLICATE_METHOD_MATCH = YES;
				"CODE_SIGN_IDENTITY[sdk=iphoneos*]" = "iPhone Developer";
				COPY_PHASE_STRIP = NO;
				DEBUG_INFORMATION_FORMAT = "dwarf-with-dsym";
				ENABLE_NS_ASSERTIONS = NO;
				ENABLE_STRICT_OBJC_MSGSEND = YES;
				GCC_C_LANGUAGE_STANDARD = gnu99;
				GCC_NO_COMMON_BLOCKS = YES;
				GCC_WARN_64_TO_32_BIT_CONVERSION = YES;
				GCC_WARN_ABOUT_RETURN_TYPE = YES_ERROR;
				GCC_WARN_UNDECLARED_SELECTOR = YES;
				GCC_WARN_UNINITIALIZED_AUTOS = YES_AGGRESSIVE;
				GCC_WARN_UNUSED_FUNCTION = YES;
				GCC_WARN_UNUSED_VARIABLE = YES;
				IPHONEOS_DEPLOYMENT_TARGET = 9.2;
				MTL_ENABLE_DEBUG_INFO = NO;
				SDKROOT = iphoneos;
				TARGETED_DEVICE_FAMILY = "1,2";
				VALIDATE_PRODUCT = YES;
			};
			name = Release;
		};
		812AE1451CAF90D100EF3D8B /* Debug */ = {
			isa = XCBuildConfiguration;
			buildSettings = {
				ASSETCATALOG_COMPILER_APPICON_NAME = AppIcon;
				INFOPLIST_FILE = projctTest/Info.plist;
				LD_RUNPATH_SEARCH_PATHS = "$(inherited) @executable_path/Frameworks";
				PRODUCT_BUNDLE_IDENTIFIER = com.verbat.projctTest;
				PRODUCT_NAME = "$(TARGET_NAME)";
			};
			name = Debug;
		};
		812AE1461CAF90D100EF3D8B /* Release */ = {
			isa = XCBuildConfiguration;
			buildSettings = {
				ASSETCATALOG_COMPILER_APPICON_NAME = AppIcon;
				INFOPLIST_FILE = projctTest/Info.plist;
				LD_RUNPATH_SEARCH_PATHS = "$(inherited) @executable_path/Frameworks";
				PRODUCT_BUNDLE_IDENTIFIER = com.verbat.projctTest;
				PRODUCT_NAME = "$(TARGET_NAME)";
			};
			name = Release;
		};
		812AE1481CAF90D100EF3D8B /* Debug */ = {
			isa = XCBuildConfiguration;
			buildSettings = {
				BUNDLE_LOADER = "$(TEST_HOST)";
				INFOPLIST_FILE = projctTestTests/Info.plist;
				LD_RUNPATH_SEARCH_PATHS = "$(inherited) @executable_path/Frameworks @loader_path/Frameworks";
				PRODUCT_BUNDLE_IDENTIFIER = com.verbat.projctTestTests;
				PRODUCT_NAME = "$(TARGET_NAME)";
				TEST_HOST = "$(BUILT_PRODUCTS_DIR)/projctTest.app/projctTest";
			};
			name = Debug;
		};
		812AE1491CAF90D100EF3D8B /* Release */ = {
			isa = XCBuildConfiguration;
			buildSettings = {
				BUNDLE_LOADER = "$(TEST_HOST)";
				INFOPLIST_FILE = projctTestTests/Info.plist;
				LD_RUNPATH_SEARCH_PATHS = "$(inherited) @executable_path/Frameworks @loader_path/Frameworks";
				PRODUCT_BUNDLE_IDENTIFIER = com.verbat.projctTestTests;
				PRODUCT_NAME = "$(TARGET_NAME)";
				TEST_HOST = "$(BUILT_PRODUCTS_DIR)/projctTest.app/projctTest";
			};
			name = Release;
		};
		812AE14B1CAF90D100EF3D8B /* Debug */ = {
			isa = XCBuildConfiguration;
			buildSettings = {
				INFOPLIST_FILE = projctTestUITests/Info.plist;
				LD_RUNPATH_SEARCH_PATHS = "$(inherited) @executable_path/Frameworks @loader_path/Frameworks";
				PRODUCT_BUNDLE_IDENTIFIER = com.verbat.projctTestUITests;
				PRODUCT_NAME = "$(TARGET_NAME)";
				TEST_TARGET_NAME = projctTest;
				USES_XCTRUNNER = YES;
			};
			name = Debug;
		};
		812AE14C1CAF90D100EF3D8B /* Release */ = {
			isa = XCBuildConfiguration;
			buildSettings = {
				INFOPLIST_FILE = projctTestUITests/Info.plist;
				LD_RUNPATH_SEARCH_PATHS = "$(inherited) @executable_path/Frameworks @loader_path/Frameworks";
				PRODUCT_BUNDLE_IDENTIFIER = com.verbat.projctTestUITests;
				PRODUCT_NAME = "$(TARGET_NAME)";
				TEST_TARGET_NAME = projctTest;
				USES_XCTRUNNER = YES;
			};
			name = Release;
		};
/* End XCBuildConfiguration section */

/* Begin XCConfigurationList section */
		812AE1121CAF90D100EF3D8B /* Build configuration list for PBXProject "projctTest" */ = {
			isa = XCConfigurationList;
			buildConfigurations = (
				812AE1421CAF90D100EF3D8B /* Debug */,
				812AE1431CAF90D100EF3D8B /* Release */,
			);
			defaultConfigurationIsVisible = 0;
			defaultConfigurationName = Release;
		};
		812AE1441CAF90D100EF3D8B /* Build configuration list for PBXNativeTarget "projctTest" */ = {
			isa = XCConfigurationList;
			buildConfigurations = (
				812AE1451CAF90D100EF3D8B /* Debug */,
				812AE1461CAF90D100EF3D8B /* Release */,
			);
			defaultConfigurationIsVisible = 0;
		};
		812AE1471CAF90D100EF3D8B /* Build configuration list for PBXNativeTarget "projctTestTests" */ = {
			isa = XCConfigurationList;
			buildConfigurations = (
				812AE1481CAF90D100EF3D8B /* Debug */,
				812AE1491CAF90D100EF3D8B /* Release */,
			);
			defaultConfigurationIsVisible = 0;
		};
		812AE14A1CAF90D100EF3D8B /* Build configuration list for PBXNativeTarget "projctTestUITests" */ = {
			isa = XCConfigurationList;
			buildConfigurations = (
				812AE14B1CAF90D100EF3D8B /* Debug */,
				812AE14C1CAF90D100EF3D8B /* Release */,
			);
			defaultConfigurationIsVisible = 0;
		};
/* End XCConfigurationList section */
	};
	rootObject = 812AE10F1CAF90D100EF3D8B /* Project object */;
}
